
Microsoft Visual Studio Solution File, Format Version 12.00
# Visual Studio Version 17
VisualStudioVersion = 17.4.33403.182
MinimumVisualStudioVersion = 10.0.40219.1
Project("{FAE04EC0-301F-11D3-BF4B-00C04F79EFBC}") = "SofthouseDev", "SofthouseDev\SofthouseDev.csproj", "{F2249318-8FB1-4D73-BBF6-DF106F6D3D48}"
	ProjectSection(ProjectDependencies) = postProject
		{93DF2639-F1BD-4A87-8920-232CD93B55AE} = {93DF2639-F1BD-4A87-8920-232CD93B55AE}
	EndProjectSection
EndProject
Project("{FAE04EC0-301F-11D3-BF4B-00C04F79EFBC}") = "SofthouseDev.Api", "SofthouseDev.Api\SofthouseDev.Api.csproj", "{93DF2639-F1BD-4A87-8920-232CD93B55AE}"
EndProject
Global
	GlobalSection(SolutionConfigurationPlatforms) = preSolution
		Debug|Any CPU = Debug|Any CPU
		Release|Any CPU = Release|Any CPU
	EndGlobalSection
	GlobalSection(ProjectConfigurationPlatforms) = postSolution
		{F2249318-8FB1-4D73-BBF6-DF106F6D3D48}.Debug|Any CPU.ActiveCfg = Debug|Any CPU
		{F2249318-8FB1-4D73-BBF6-DF106F6D3D48}.Debug|Any CPU.Build.0 = Debug|Any CPU
		{F2249318-8FB1-4D73-BBF6-DF106F6D3D48}.Release|Any CPU.ActiveCfg = Release|Any CPU
		{F2249318-8FB1-4D73-BBF6-DF106F6D3D48}.Release|Any CPU.Build.0 = Release|Any CPU
		{93DF2639-F1BD-4A87-8920-232CD93B55AE}.Debug|Any CPU.ActiveCfg = Debug|Any CPU
		{93DF2639-F1BD-4A87-8920-232CD93B55AE}.Debug|Any CPU.Build.0 = Debug|Any CPU
		{93DF2639-F1BD-4A87-8920-232CD93B55AE}.Release|Any CPU.ActiveCfg = Release|Any CPU
		{93DF2639-F1BD-4A87-8920-232CD93B55AE}.Release|Any CPU.Build.0 = Release|Any CPU
	EndGlobalSection
	GlobalSection(SolutionProperties) = preSolution
		HideSolutionNode = FALSE
	EndGlobalSection
	GlobalSection(ExtensibilityGlobals) = postSolution
		SolutionGuid = {73900338-FDCA-4EA6-88D1-D102B7A06A1C}
	EndGlobalSection
EndGlobal
